
Microsoft Visual Studio Solution File, Format Version 12.00
# Visual Studio Version 17
VisualStudioVersion = 17.6.33801.468
MinimumVisualStudioVersion = 10.0.40219.1
Project("{9A19103F-16F7-4668-BE54-9A1E7A4F7556}") = "Valkimia.Domain", "Valkimia.Domain\Valkimia.Domain.csproj", "{06405218-7E19-479D-8B96-4DED4DBDD0BA}"
EndProject
Project("{FAE04EC0-301F-11D3-BF4B-00C04F79EFBC}") = "Valkimia.Persistence", "Valkimia.Persistence\Valkimia.Persistence.csproj", "{D3E2E575-1280-497C-9DA4-973A12CF64F5}"
EndProject
Project("{FAE04EC0-301F-11D3-BF4B-00C04F79EFBC}") = "Valkimia.API", "Valkimia.API\Valkimia.API.csproj", "{C7E2ED1E-50A4-4607-A793-13F9B11A1A0D}"
EndProject
Project("{FAE04EC0-301F-11D3-BF4B-00C04F79EFBC}") = "Valkimia.Presentation", "Valkimia.Presentation\Valkimia.Presentation.csproj", "{1AF4B41D-D3E8-43AC-AC11-DFB4200B5116}"
EndProject
Project("{FAE04EC0-301F-11D3-BF4B-00C04F79EFBC}") = "Valkimia.Application", "Valkimia.Application\Valkimia.Application.csproj", "{C598C04C-4D5A-46A2-BD11-C2345DEC7BF2}"
EndProject
Global
	GlobalSection(SolutionConfigurationPlatforms) = preSolution
		Debug|Any CPU = Debug|Any CPU
		Release|Any CPU = Release|Any CPU
	EndGlobalSection
	GlobalSection(ProjectConfigurationPlatforms) = postSolution
		{06405218-7E19-479D-8B96-4DED4DBDD0BA}.Debug|Any CPU.ActiveCfg = Debug|Any CPU
		{06405218-7E19-479D-8B96-4DED4DBDD0BA}.Debug|Any CPU.Build.0 = Debug|Any CPU
		{06405218-7E19-479D-8B96-4DED4DBDD0BA}.Release|Any CPU.ActiveCfg = Release|Any CPU
		{06405218-7E19-479D-8B96-4DED4DBDD0BA}.Release|Any CPU.Build.0 = Release|Any CPU
		{D3E2E575-1280-497C-9DA4-973A12CF64F5}.Debug|Any CPU.ActiveCfg = Debug|Any CPU
		{D3E2E575-1280-497C-9DA4-973A12CF64F5}.Debug|Any CPU.Build.0 = Debug|Any CPU
		{D3E2E575-1280-497C-9DA4-973A12CF64F5}.Release|Any CPU.ActiveCfg = Release|Any CPU
		{D3E2E575-1280-497C-9DA4-973A12CF64F5}.Release|Any CPU.Build.0 = Release|Any CPU
		{C7E2ED1E-50A4-4607-A793-13F9B11A1A0D}.Debug|Any CPU.ActiveCfg = Debug|Any CPU
		{C7E2ED1E-50A4-4607-A793-13F9B11A1A0D}.Debug|Any CPU.Build.0 = Debug|Any CPU
		{C7E2ED1E-50A4-4607-A793-13F9B11A1A0D}.Release|Any CPU.ActiveCfg = Release|Any CPU
		{C7E2ED1E-50A4-4607-A793-13F9B11A1A0D}.Release|Any CPU.Build.0 = Release|Any CPU
		{1AF4B41D-D3E8-43AC-AC11-DFB4200B5116}.Debug|Any CPU.ActiveCfg = Debug|Any CPU
		{1AF4B41D-D3E8-43AC-AC11-DFB4200B5116}.Debug|Any CPU.Build.0 = Debug|Any CPU
		{1AF4B41D-D3E8-43AC-AC11-DFB4200B5116}.Release|Any CPU.ActiveCfg = Release|Any CPU
		{1AF4B41D-D3E8-43AC-AC11-DFB4200B5116}.Release|Any CPU.Build.0 = Release|Any CPU
		{C598C04C-4D5A-46A2-BD11-C2345DEC7BF2}.Debug|Any CPU.ActiveCfg = Debug|Any CPU
		{C598C04C-4D5A-46A2-BD11-C2345DEC7BF2}.Debug|Any CPU.Build.0 = Debug|Any CPU
		{C598C04C-4D5A-46A2-BD11-C2345DEC7BF2}.Release|Any CPU.ActiveCfg = Release|Any CPU
		{C598C04C-4D5A-46A2-BD11-C2345DEC7BF2}.Release|Any CPU.Build.0 = Release|Any CPU
	EndGlobalSection
	GlobalSection(SolutionProperties) = preSolution
		HideSolutionNode = FALSE
	EndGlobalSection
	GlobalSection(ExtensibilityGlobals) = postSolution
		SolutionGuid = {8291ABAD-BE6A-40E2-9C58-C81AB77B53AD}
	EndGlobalSection
EndGlobal
